
Microsoft Visual Studio Solution File, Format Version 12.00
# Visual Studio Version 17
VisualStudioVersion = 17.6.33723.286
MinimumVisualStudioVersion = 10.0.40219.1
Project("{FAE04EC0-301F-11D3-BF4B-00C04F79EFBC}") = "Encerder pixel", "Encerder pixel.csproj", "{6814795C-3772-4C07-AB5A-B5446712AF7B}"
EndProject
Global
	GlobalSection(SolutionConfigurationPlatforms) = preSolution
		Debug|Any CPU = Debug|Any CPU
		Release|Any CPU = Release|Any CPU
	EndGlobalSection
	GlobalSection(ProjectConfigurationPlatforms) = postSolution
		{6814795C-3772-4C07-AB5A-B5446712AF7B}.Debug|Any CPU.ActiveCfg = Debug|Any CPU
		{6814795C-3772-4C07-AB5A-B5446712AF7B}.Debug|Any CPU.Build.0 = Debug|Any CPU
		{6814795C-3772-4C07-AB5A-B5446712AF7B}.Release|Any CPU.ActiveCfg = Release|Any CPU
		{6814795C-3772-4C07-AB5A-B5446712AF7B}.Release|Any CPU.Build.0 = Release|Any CPU
	EndGlobalSection
	GlobalSection(SolutionProperties) = preSolution
		HideSolutionNode = FALSE
	EndGlobalSection
	GlobalSection(ExtensibilityGlobals) = postSolution
		SolutionGuid = {94AA6B3B-48AF-4123-A85E-F8ADB6E7E189}
	EndGlobalSection
EndGlobal
